
Microsoft Visual Studio Solution File, Format Version 12.00
# Visual Studio Version 17
VisualStudioVersion = 17.5.33516.290
MinimumVisualStudioVersion = 10.0.40219.1
Project("{FAE04EC0-301F-11D3-BF4B-00C04F79EFBC}") = "Resume", "Resume.csproj", "{DDDDDA0B-13B4-46F6-B27F-109D48C9D7A7}"
EndProject
Global
	GlobalSection(SolutionConfigurationPlatforms) = preSolution
		Debug|Any CPU = Debug|Any CPU
		Release|Any CPU = Release|Any CPU
	EndGlobalSection
	GlobalSection(ProjectConfigurationPlatforms) = postSolution
		{DDDDDA0B-13B4-46F6-B27F-109D48C9D7A7}.Debug|Any CPU.ActiveCfg = Debug|Any CPU
		{DDDDDA0B-13B4-46F6-B27F-109D48C9D7A7}.Debug|Any CPU.Build.0 = Debug|Any CPU
		{DDDDDA0B-13B4-46F6-B27F-109D48C9D7A7}.Release|Any CPU.ActiveCfg = Release|Any CPU
		{DDDDDA0B-13B4-46F6-B27F-109D48C9D7A7}.Release|Any CPU.Build.0 = Release|Any CPU
	EndGlobalSection
	GlobalSection(SolutionProperties) = preSolution
		HideSolutionNode = FALSE
	EndGlobalSection
	GlobalSection(ExtensibilityGlobals) = postSolution
		SolutionGuid = {BA9F38BF-CFA0-4CE7-9FAE-2CBE9DEA6C80}
	EndGlobalSection
EndGlobal
